
Microsoft Visual Studio Solution File, Format Version 12.00
# Visual Studio Version 17
VisualStudioVersion = 17.3.32922.545
MinimumVisualStudioVersion = 10.0.40219.1
Project("{9A19103F-16F7-4668-BE54-9A1E7A4F7556}") = "CookingTrickery", "CookingTrickery\CookingTrickery.csproj", "{EE0530F0-4D70-41DE-A492-B175BA08DCC1}"
EndProject
Project("{9A19103F-16F7-4668-BE54-9A1E7A4F7556}") = "CookingTrickery.Core", "CookingTrickery.Core\CookingTrickery.Core.csproj", "{CE997B71-BF18-4606-835E-D597C465B2A6}"
EndProject
Project("{9A19103F-16F7-4668-BE54-9A1E7A4F7556}") = "CookingTrickery.Infrastructure", "CookingTrickery.Infrastructure\CookingTrickery.Infrastructure.csproj", "{00B817E9-66CF-4234-A81D-EF4F6BE3C897}"
EndProject
Project("{FAE04EC0-301F-11D3-BF4B-00C04F79EFBC}") = "CookingTrickery.UnitTests", "CookingTrickery.UnitTests\CookingTrickery.UnitTests.csproj", "{1B33AC98-FC47-4980-BEAB-6A715B2E3B89}"
EndProject
Global
	GlobalSection(SolutionConfigurationPlatforms) = preSolution
		Debug|Any CPU = Debug|Any CPU
		Release|Any CPU = Release|Any CPU
	EndGlobalSection
	GlobalSection(ProjectConfigurationPlatforms) = postSolution
		{EE0530F0-4D70-41DE-A492-B175BA08DCC1}.Debug|Any CPU.ActiveCfg = Debug|Any CPU
		{EE0530F0-4D70-41DE-A492-B175BA08DCC1}.Debug|Any CPU.Build.0 = Debug|Any CPU
		{EE0530F0-4D70-41DE-A492-B175BA08DCC1}.Release|Any CPU.ActiveCfg = Release|Any CPU
		{EE0530F0-4D70-41DE-A492-B175BA08DCC1}.Release|Any CPU.Build.0 = Release|Any CPU
		{CE997B71-BF18-4606-835E-D597C465B2A6}.Debug|Any CPU.ActiveCfg = Debug|Any CPU
		{CE997B71-BF18-4606-835E-D597C465B2A6}.Debug|Any CPU.Build.0 = Debug|Any CPU
		{CE997B71-BF18-4606-835E-D597C465B2A6}.Release|Any CPU.ActiveCfg = Release|Any CPU
		{CE997B71-BF18-4606-835E-D597C465B2A6}.Release|Any CPU.Build.0 = Release|Any CPU
		{00B817E9-66CF-4234-A81D-EF4F6BE3C897}.Debug|Any CPU.ActiveCfg = Debug|Any CPU
		{00B817E9-66CF-4234-A81D-EF4F6BE3C897}.Debug|Any CPU.Build.0 = Debug|Any CPU
		{00B817E9-66CF-4234-A81D-EF4F6BE3C897}.Release|Any CPU.ActiveCfg = Release|Any CPU
		{00B817E9-66CF-4234-A81D-EF4F6BE3C897}.Release|Any CPU.Build.0 = Release|Any CPU
		{1B33AC98-FC47-4980-BEAB-6A715B2E3B89}.Debug|Any CPU.ActiveCfg = Debug|Any CPU
		{1B33AC98-FC47-4980-BEAB-6A715B2E3B89}.Debug|Any CPU.Build.0 = Debug|Any CPU
		{1B33AC98-FC47-4980-BEAB-6A715B2E3B89}.Release|Any CPU.ActiveCfg = Release|Any CPU
		{1B33AC98-FC47-4980-BEAB-6A715B2E3B89}.Release|Any CPU.Build.0 = Release|Any CPU
	EndGlobalSection
	GlobalSection(SolutionProperties) = preSolution
		HideSolutionNode = FALSE
	EndGlobalSection
	GlobalSection(ExtensibilityGlobals) = postSolution
		SolutionGuid = {B70F9B33-BA02-4013-8F7F-5F8CD0905C7E}
	EndGlobalSection
EndGlobal
